{
    "name": "lewei-camera",
    "version": "1.0.0",
    "lockfileVersion": 2,
    "requires": true,
    "packages": {
        "": {
            "version": "1.0.0",
            "license": "GPL-3.0",
            "dependencies": {
                "pipe2jpeg": "^0.3.1",
                "spawn-command": "*"
            }
        },
        "node_modules/pipe2jpeg": {
            "version": "0.3.1",
            "resolved": "https://registry.npmjs.org/pipe2jpeg/-/pipe2jpeg-0.3.1.tgz",
            "integrity": "sha512-7UBVW2b0fzDW6q2vPop1MLcj+TzGQ2egqLBWz06PSMFDi91OYBhxMiLfBKIeXHyIJDcXtKZT1Mlt18LgxzljBA=="
        },
        "node_modules/spawn-command": {
            "version": "0.0.2-1",
            "resolved": "https://registry.npmjs.org/spawn-command/-/spawn-command-0.0.2-1.tgz",
            "integrity": "sha1-YvXpRmmBwbeW3Fkpk34RycaSG9A="
        }
    },
    "dependencies": {
        "pipe2jpeg": {
            "version": "0.3.1",
            "resolved": "https://registry.npmjs.org/pipe2jpeg/-/pipe2jpeg-0.3.1.tgz",
            "integrity": "sha512-7UBVW2b0fzDW6q2vPop1MLcj+TzGQ2egqLBWz06PSMFDi91OYBhxMiLfBKIeXHyIJDcXtKZT1Mlt18LgxzljBA=="
        },
        "spawn-command": {
            "version": "0.0.2-1",
            "resolved": "https://registry.npmjs.org/spawn-command/-/spawn-command-0.0.2-1.tgz",
            "integrity": "sha1-YvXpRmmBwbeW3Fkpk34RycaSG9A="
        }
    }
}
